
Microsoft Visual Studio Solution File, Format Version 12.00
# Visual Studio Version 16
VisualStudioVersion = 25.0.1706.0
MinimumVisualStudioVersion = 10.0.40219.1
Project("{FAE04EC0-301F-11D3-BF4B-00C04F79EFBC}") = "CalculatorLibrary", "CalculatorLibrary\CalculatorLibrary.csproj", "{F127F86B-A6A3-4C9E-AFE4-F45C3A243C1E}"
EndProject
Project("{FAE04EC0-301F-11D3-BF4B-00C04F79EFBC}") = "CalculatorWebService", "CalculatorWebService\CalculatorWebService.csproj", "{B499AFE9-26C0-4056-8704-FA56F1A02E42}"
EndProject
Project("{FAE04EC0-301F-11D3-BF4B-00C04F79EFBC}") = "CalculatorLibraryTests", "CalculatorLibraryTests\CalculatorLibraryTests.csproj", "{CA97CCFA-A76D-454A-99EA-BC9CA0FB226E}"
EndProject
Project("{FAE04EC0-301F-11D3-BF4B-00C04F79EFBC}") = "CalculatorWebApp", "CalculatorWebApp\CalculatorWebApp.csproj", "{6022F636-6B18-47E0-AF00-4771B357A98E}"
EndProject
Global
	GlobalSection(SolutionConfigurationPlatforms) = preSolution
		Debug|Any CPU = Debug|Any CPU
		Release|Any CPU = Release|Any CPU
	EndGlobalSection
	GlobalSection(ProjectConfigurationPlatforms) = postSolution
		{F127F86B-A6A3-4C9E-AFE4-F45C3A243C1E}.Debug|Any CPU.ActiveCfg = Debug|Any CPU
		{F127F86B-A6A3-4C9E-AFE4-F45C3A243C1E}.Debug|Any CPU.Build.0 = Debug|Any CPU
		{F127F86B-A6A3-4C9E-AFE4-F45C3A243C1E}.Release|Any CPU.ActiveCfg = Release|Any CPU
		{F127F86B-A6A3-4C9E-AFE4-F45C3A243C1E}.Release|Any CPU.Build.0 = Release|Any CPU
		{B499AFE9-26C0-4056-8704-FA56F1A02E42}.Debug|Any CPU.ActiveCfg = Debug|Any CPU
		{B499AFE9-26C0-4056-8704-FA56F1A02E42}.Debug|Any CPU.Build.0 = Debug|Any CPU
		{B499AFE9-26C0-4056-8704-FA56F1A02E42}.Release|Any CPU.ActiveCfg = Release|Any CPU
		{B499AFE9-26C0-4056-8704-FA56F1A02E42}.Release|Any CPU.Build.0 = Release|Any CPU
		{CA97CCFA-A76D-454A-99EA-BC9CA0FB226E}.Debug|Any CPU.ActiveCfg = Debug|Any CPU
		{CA97CCFA-A76D-454A-99EA-BC9CA0FB226E}.Debug|Any CPU.Build.0 = Debug|Any CPU
		{CA97CCFA-A76D-454A-99EA-BC9CA0FB226E}.Release|Any CPU.ActiveCfg = Release|Any CPU
		{CA97CCFA-A76D-454A-99EA-BC9CA0FB226E}.Release|Any CPU.Build.0 = Release|Any CPU
		{6022F636-6B18-47E0-AF00-4771B357A98E}.Debug|Any CPU.ActiveCfg = Debug|Any CPU
		{6022F636-6B18-47E0-AF00-4771B357A98E}.Debug|Any CPU.Build.0 = Debug|Any CPU
		{6022F636-6B18-47E0-AF00-4771B357A98E}.Release|Any CPU.ActiveCfg = Release|Any CPU
		{6022F636-6B18-47E0-AF00-4771B357A98E}.Release|Any CPU.Build.0 = Release|Any CPU
	EndGlobalSection
	GlobalSection(SolutionProperties) = preSolution
		HideSolutionNode = FALSE
	EndGlobalSection
	GlobalSection(ExtensibilityGlobals) = postSolution
		SolutionGuid = {666A5220-0536-4655-81FE-4C862CE2027F}
	EndGlobalSection
EndGlobal
